
Microsoft Visual Studio Solution File, Format Version 12.00
# Visual Studio Version 16
VisualStudioVersion = 16.0.30717.126
MinimumVisualStudioVersion = 10.0.40219.1
Project("{FAE04EC0-301F-11D3-BF4B-00C04F79EFBC}") = "ITMO.WPF.Lab1_1", "ITMO.WPF.Lab1_1\ITMO.WPF.Lab1_1.csproj", "{753B4439-58C2-447E-8C39-8751C7F5746B}"
EndProject
Project("{FAE04EC0-301F-11D3-BF4B-00C04F79EFBC}") = "ITMO.WPF.WpfHelloNav1_2", "ITMO.WPF.WpfHelloNav1_2\ITMO.WPF.WpfHelloNav1_2.csproj", "{7956EC95-B4BF-4CD2-9061-4EBCA0B0F3BF}"
EndProject
Project("{FAE04EC0-301F-11D3-BF4B-00C04F79EFBC}") = "WpfRoutedEvent_2_1", "WpfRoutedEvent_2_1\WpfRoutedEvent_2_1.csproj", "{ECC24E3B-4F4E-4F48-B5B7-4C352E16A0C4}"
EndProject
Project("{FAE04EC0-301F-11D3-BF4B-00C04F79EFBC}") = "ITMO.WPF.WpfRoutedEvent_2_2", "ITMO.WPF.WpfRoutedEvent_2_2\ITMO.WPF.WpfRoutedEvent_2_2.csproj", "{1E46E4C1-0227-471E-8274-320B4CFE5AB4}"
EndProject
Project("{FAE04EC0-301F-11D3-BF4B-00C04F79EFBC}") = "ITMO.WPF.NCommand3_1", "ITMO.WPF.NCommand\ITMO.WPF.NCommand3_1.csproj", "{CE878E61-77E0-4139-A488-A7DCC1533600}"
EndProject
Project("{FAE04EC0-301F-11D3-BF4B-00C04F79EFBC}") = "ITMO.WPF.UserIn1_4_1", "ITMO.WPF.UserIn1_4_1\ITMO.WPF.UserIn1_4_1.csproj", "{61F873C7-D9C2-42E0-8401-9B8911138331}"
EndProject
Project("{FAE04EC0-301F-11D3-BF4B-00C04F79EFBC}") = "ITMO.WPF.UserIn2_4_2", "ITMO.WPF.UserIn2_4_2\ITMO.WPF.UserIn2_4_2.csproj", "{A49A4A03-3D53-45F8-8066-8BABCFD54A0F}"
EndProject
Project("{FAE04EC0-301F-11D3-BF4B-00C04F79EFBC}") = "ITMO.WPF.Mytestform1", "ITMO.WPF.Mytestform1\ITMO.WPF.Mytestform1.csproj", "{0C397DE7-7608-477F-BB78-36F5946D60B2}"
EndProject
Project("{FAE04EC0-301F-11D3-BF4B-00C04F79EFBC}") = "ITMO.WPF.UserIn3_4_3", "ITMO.WPF.UserIn3_4_3\ITMO.WPF.UserIn3_4_3.csproj", "{28CD0499-0FBE-4CB4-B352-5FE1991E24B3}"
EndProject
Project("{FAE04EC0-301F-11D3-BF4B-00C04F79EFBC}") = "ITMO.WPF.BackgroundWorker5_2", "ITMO.WPF.BackgroundWorker5_2\ITMO.WPF.BackgroundWorker5_2.csproj", "{2DE8C890-2140-43A0-96AC-34E0C9D27177}"
EndProject
Global
	GlobalSection(SolutionConfigurationPlatforms) = preSolution
		Debug|Any CPU = Debug|Any CPU
		Release|Any CPU = Release|Any CPU
	EndGlobalSection
	GlobalSection(ProjectConfigurationPlatforms) = postSolution
		{753B4439-58C2-447E-8C39-8751C7F5746B}.Debug|Any CPU.ActiveCfg = Debug|Any CPU
		{753B4439-58C2-447E-8C39-8751C7F5746B}.Debug|Any CPU.Build.0 = Debug|Any CPU
		{753B4439-58C2-447E-8C39-8751C7F5746B}.Release|Any CPU.ActiveCfg = Release|Any CPU
		{753B4439-58C2-447E-8C39-8751C7F5746B}.Release|Any CPU.Build.0 = Release|Any CPU
		{7956EC95-B4BF-4CD2-9061-4EBCA0B0F3BF}.Debug|Any CPU.ActiveCfg = Debug|Any CPU
		{7956EC95-B4BF-4CD2-9061-4EBCA0B0F3BF}.Debug|Any CPU.Build.0 = Debug|Any CPU
		{7956EC95-B4BF-4CD2-9061-4EBCA0B0F3BF}.Release|Any CPU.ActiveCfg = Release|Any CPU
		{7956EC95-B4BF-4CD2-9061-4EBCA0B0F3BF}.Release|Any CPU.Build.0 = Release|Any CPU
		{ECC24E3B-4F4E-4F48-B5B7-4C352E16A0C4}.Debug|Any CPU.ActiveCfg = Debug|Any CPU
		{ECC24E3B-4F4E-4F48-B5B7-4C352E16A0C4}.Debug|Any CPU.Build.0 = Debug|Any CPU
		{ECC24E3B-4F4E-4F48-B5B7-4C352E16A0C4}.Release|Any CPU.ActiveCfg = Release|Any CPU
		{ECC24E3B-4F4E-4F48-B5B7-4C352E16A0C4}.Release|Any CPU.Build.0 = Release|Any CPU
		{1E46E4C1-0227-471E-8274-320B4CFE5AB4}.Debug|Any CPU.ActiveCfg = Debug|Any CPU
		{1E46E4C1-0227-471E-8274-320B4CFE5AB4}.Debug|Any CPU.Build.0 = Debug|Any CPU
		{1E46E4C1-0227-471E-8274-320B4CFE5AB4}.Release|Any CPU.ActiveCfg = Release|Any CPU
		{1E46E4C1-0227-471E-8274-320B4CFE5AB4}.Release|Any CPU.Build.0 = Release|Any CPU
		{CE878E61-77E0-4139-A488-A7DCC1533600}.Debug|Any CPU.ActiveCfg = Debug|Any CPU
		{CE878E61-77E0-4139-A488-A7DCC1533600}.Debug|Any CPU.Build.0 = Debug|Any CPU
		{CE878E61-77E0-4139-A488-A7DCC1533600}.Release|Any CPU.ActiveCfg = Release|Any CPU
		{CE878E61-77E0-4139-A488-A7DCC1533600}.Release|Any CPU.Build.0 = Release|Any CPU
		{61F873C7-D9C2-42E0-8401-9B8911138331}.Debug|Any CPU.ActiveCfg = Debug|Any CPU
		{61F873C7-D9C2-42E0-8401-9B8911138331}.Debug|Any CPU.Build.0 = Debug|Any CPU
		{61F873C7-D9C2-42E0-8401-9B8911138331}.Release|Any CPU.ActiveCfg = Release|Any CPU
		{61F873C7-D9C2-42E0-8401-9B8911138331}.Release|Any CPU.Build.0 = Release|Any CPU
		{A49A4A03-3D53-45F8-8066-8BABCFD54A0F}.Debug|Any CPU.ActiveCfg = Debug|Any CPU
		{A49A4A03-3D53-45F8-8066-8BABCFD54A0F}.Debug|Any CPU.Build.0 = Debug|Any CPU
		{A49A4A03-3D53-45F8-8066-8BABCFD54A0F}.Release|Any CPU.ActiveCfg = Release|Any CPU
		{A49A4A03-3D53-45F8-8066-8BABCFD54A0F}.Release|Any CPU.Build.0 = Release|Any CPU
		{0C397DE7-7608-477F-BB78-36F5946D60B2}.Debug|Any CPU.ActiveCfg = Debug|Any CPU
		{0C397DE7-7608-477F-BB78-36F5946D60B2}.Debug|Any CPU.Build.0 = Debug|Any CPU
		{0C397DE7-7608-477F-BB78-36F5946D60B2}.Release|Any CPU.ActiveCfg = Release|Any CPU
		{0C397DE7-7608-477F-BB78-36F5946D60B2}.Release|Any CPU.Build.0 = Release|Any CPU
		{28CD0499-0FBE-4CB4-B352-5FE1991E24B3}.Debug|Any CPU.ActiveCfg = Debug|Any CPU
		{28CD0499-0FBE-4CB4-B352-5FE1991E24B3}.Debug|Any CPU.Build.0 = Debug|Any CPU
		{28CD0499-0FBE-4CB4-B352-5FE1991E24B3}.Release|Any CPU.ActiveCfg = Release|Any CPU
		{28CD0499-0FBE-4CB4-B352-5FE1991E24B3}.Release|Any CPU.Build.0 = Release|Any CPU
		{2DE8C890-2140-43A0-96AC-34E0C9D27177}.Debug|Any CPU.ActiveCfg = Debug|Any CPU
		{2DE8C890-2140-43A0-96AC-34E0C9D27177}.Debug|Any CPU.Build.0 = Debug|Any CPU
		{2DE8C890-2140-43A0-96AC-34E0C9D27177}.Release|Any CPU.ActiveCfg = Release|Any CPU
		{2DE8C890-2140-43A0-96AC-34E0C9D27177}.Release|Any CPU.Build.0 = Release|Any CPU
	EndGlobalSection
	GlobalSection(SolutionProperties) = preSolution
		HideSolutionNode = FALSE
	EndGlobalSection
	GlobalSection(ExtensibilityGlobals) = postSolution
		SolutionGuid = {5042B4F0-7B75-42F5-AFCA-0556071D006D}
	EndGlobalSection
EndGlobal
